// !$*UTF8*$!
{
	archiveVersion = 1;
	classes = {
	};
	objectVersion = 46;
	objects = {

/* Begin PBXBuildFile section */
		2323668B274C31217913D69E /* Pods_HelloRestSpecs.framework in Frameworks */ = {isa = PBXBuildFile; fileRef = 49F8DBBB6AF3E9EA04852AF0 /* Pods_HelloRestSpecs.framework */; };
		582BD4001D25747200C0FD7A /* PersonDetailsViewModel.swift in Sources */ = {isa = PBXBuildFile; fileRef = 582BD3FF1D25747200C0FD7A /* PersonDetailsViewModel.swift */; };
		582BD4031D25750A00C0FD7A /* PersonDetailsViewModelTests.swift in Sources */ = {isa = PBXBuildFile; fileRef = 582BD4021D25750A00C0FD7A /* PersonDetailsViewModelTests.swift */; };
		58E7520D1D24C31400AA7822 /* PersonDetailsViewController.swift in Sources */ = {isa = PBXBuildFile; fileRef = 58E7520C1D24C31400AA7822 /* PersonDetailsViewController.swift */; };
		58E7520F1D24C42300AA7822 /* PersonDetails.storyboard in Resources */ = {isa = PBXBuildFile; fileRef = 58E7520E1D24C42300AA7822 /* PersonDetails.storyboard */; };
		680950F21D241DB600EF3F63 /* PeopleService.swift in Sources */ = {isa = PBXBuildFile; fileRef = 680950F11D241DB600EF3F63 /* PeopleService.swift */; };
		680950F61D24216E00EF3F63 /* PeopleServiceTests.swift in Sources */ = {isa = PBXBuildFile; fileRef = 680950F51D24216E00EF3F63 /* PeopleServiceTests.swift */; };
		6809510A1D24280700EF3F63 /* PeopleListViewController.swift in Sources */ = {isa = PBXBuildFile; fileRef = 680951071D24280700EF3F63 /* PeopleListViewController.swift */; };
		6809510B1D24280700EF3F63 /* PeopleListViewModel.swift in Sources */ = {isa = PBXBuildFile; fileRef = 680951081D24280700EF3F63 /* PeopleListViewModel.swift */; };
		6809510C1D24280700EF3F63 /* PeopleListView.storyboard in Resources */ = {isa = PBXBuildFile; fileRef = 680951091D24280700EF3F63 /* PeopleListView.storyboard */; };
		6809510E1D24281B00EF3F63 /* Person.swift in Sources */ = {isa = PBXBuildFile; fileRef = 6809510D1D24281B00EF3F63 /* Person.swift */; };
		680951111D24300200EF3F63 /* PersonTests.swift in Sources */ = {isa = PBXBuildFile; fileRef = 680951101D24300200EF3F63 /* PersonTests.swift */; };
		680951131D24339000EF3F63 /* PeopleTransformer.swift in Sources */ = {isa = PBXBuildFile; fileRef = 680951121D24339000EF3F63 /* PeopleTransformer.swift */; };
		680951151D243C7100EF3F63 /* PeopleListViewModelTests.swift in Sources */ = {isa = PBXBuildFile; fileRef = 680951141D243C7100EF3F63 /* PeopleListViewModelTests.swift */; };
		680951171D243E0700EF3F63 /* PeopleServiceMock.swift in Sources */ = {isa = PBXBuildFile; fileRef = 680951161D243E0700EF3F63 /* PeopleServiceMock.swift */; };
		68F3F63B1D257519007CD3A4 /* PeopleTransformerTests.swift in Sources */ = {isa = PBXBuildFile; fileRef = 68F3F63A1D257519007CD3A4 /* PeopleTransformerTests.swift */; };
		AD550FF41D1D5D33001B640B /* PeopleListViewControllerTests.swift in Sources */ = {isa = PBXBuildFile; fileRef = AD550FF31D1D5D33001B640B /* PeopleListViewControllerTests.swift */; };
		AD86366D1D1CA38000792EDC /* AppDelegate.swift in Sources */ = {isa = PBXBuildFile; fileRef = AD86366C1D1CA38000792EDC /* AppDelegate.swift */; };
		AD8636721D1CA38000792EDC /* Main.storyboard in Resources */ = {isa = PBXBuildFile; fileRef = AD8636701D1CA38000792EDC /* Main.storyboard */; };
		AD8636741D1CA38000792EDC /* Assets.xcassets in Resources */ = {isa = PBXBuildFile; fileRef = AD8636731D1CA38000792EDC /* Assets.xcassets */; };
		AD8636771D1CA38000792EDC /* LaunchScreen.storyboard in Resources */ = {isa = PBXBuildFile; fileRef = AD8636751D1CA38000792EDC /* LaunchScreen.storyboard */; };
		E5E8EC7BB749D0C3FA5D66B2 /* Pods_HelloRest.framework in Frameworks */ = {isa = PBXBuildFile; fileRef = AAA49A9A49AFCAAE85CD5DFA /* Pods_HelloRest.framework */; };
/* End PBXBuildFile section */

/* Begin PBXContainerItemProxy section */
		AD72BAE41D1CA73B00C230B9 /* PBXContainerItemProxy */ = {
			isa = PBXContainerItemProxy;
			containerPortal = AD8636611D1CA38000792EDC /* Project object */;
			proxyType = 1;
			remoteGlobalIDString = AD8636681D1CA38000792EDC;
			remoteInfo = HelloRest;
		};
/* End PBXContainerItemProxy section */

/* Begin PBXFileReference section */
		085341EFA08FAC5B81CB9B86 /* Pods-HelloRestSpecs.debug.xcconfig */ = {isa = PBXFileReference; includeInIndex = 1; lastKnownFileType = text.xcconfig; name = "Pods-HelloRestSpecs.debug.xcconfig"; path = "../Pods/Target Support Files/Pods-HelloRestSpecs/Pods-HelloRestSpecs.debug.xcconfig"; sourceTree = "<group>"; };
		49F8DBBB6AF3E9EA04852AF0 /* Pods_HelloRestSpecs.framework */ = {isa = PBXFileReference; explicitFileType = wrapper.framework; includeInIndex = 0; path = Pods_HelloRestSpecs.framework; sourceTree = BUILT_PRODUCTS_DIR; };
		582BD3FF1D25747200C0FD7A /* PersonDetailsViewModel.swift */ = {isa = PBXFileReference; fileEncoding = 4; lastKnownFileType = sourcecode.swift; path = PersonDetailsViewModel.swift; sourceTree = "<group>"; };
		582BD4021D25750A00C0FD7A /* PersonDetailsViewModelTests.swift */ = {isa = PBXFileReference; fileEncoding = 4; lastKnownFileType = sourcecode.swift; path = PersonDetailsViewModelTests.swift; sourceTree = "<group>"; };
		58E7520C1D24C31400AA7822 /* PersonDetailsViewController.swift */ = {isa = PBXFileReference; fileEncoding = 4; lastKnownFileType = sourcecode.swift; path = PersonDetailsViewController.swift; sourceTree = "<group>"; };
		58E7520E1D24C42300AA7822 /* PersonDetails.storyboard */ = {isa = PBXFileReference; fileEncoding = 4; lastKnownFileType = file.storyboard; path = PersonDetails.storyboard; sourceTree = "<group>"; };
		680950F11D241DB600EF3F63 /* PeopleService.swift */ = {isa = PBXFileReference; fileEncoding = 4; lastKnownFileType = sourcecode.swift; path = PeopleService.swift; sourceTree = "<group>"; };
		680950F51D24216E00EF3F63 /* PeopleServiceTests.swift */ = {isa = PBXFileReference; fileEncoding = 4; lastKnownFileType = sourcecode.swift; path = PeopleServiceTests.swift; sourceTree = "<group>"; };
		680951071D24280700EF3F63 /* PeopleListViewController.swift */ = {isa = PBXFileReference; fileEncoding = 4; lastKnownFileType = sourcecode.swift; path = PeopleListViewController.swift; sourceTree = "<group>"; };
		680951081D24280700EF3F63 /* PeopleListViewModel.swift */ = {isa = PBXFileReference; fileEncoding = 4; lastKnownFileType = sourcecode.swift; path = PeopleListViewModel.swift; sourceTree = "<group>"; };
		680951091D24280700EF3F63 /* PeopleListView.storyboard */ = {isa = PBXFileReference; fileEncoding = 4; lastKnownFileType = file.storyboard; path = PeopleListView.storyboard; sourceTree = "<group>"; };
		6809510D1D24281B00EF3F63 /* Person.swift */ = {isa = PBXFileReference; fileEncoding = 4; lastKnownFileType = sourcecode.swift; path = Person.swift; sourceTree = "<group>"; };
		680951101D24300200EF3F63 /* PersonTests.swift */ = {isa = PBXFileReference; fileEncoding = 4; lastKnownFileType = sourcecode.swift; path = PersonTests.swift; sourceTree = "<group>"; };
		680951121D24339000EF3F63 /* PeopleTransformer.swift */ = {isa = PBXFileReference; fileEncoding = 4; lastKnownFileType = sourcecode.swift; path = PeopleTransformer.swift; sourceTree = "<group>"; };
		680951141D243C7100EF3F63 /* PeopleListViewModelTests.swift */ = {isa = PBXFileReference; fileEncoding = 4; lastKnownFileType = sourcecode.swift; path = PeopleListViewModelTests.swift; sourceTree = "<group>"; };
		680951161D243E0700EF3F63 /* PeopleServiceMock.swift */ = {isa = PBXFileReference; fileEncoding = 4; lastKnownFileType = sourcecode.swift; path = PeopleServiceMock.swift; sourceTree = "<group>"; };
		68F3F63A1D257519007CD3A4 /* PeopleTransformerTests.swift */ = {isa = PBXFileReference; fileEncoding = 4; lastKnownFileType = sourcecode.swift; path = PeopleTransformerTests.swift; sourceTree = "<group>"; };
		AAA49A9A49AFCAAE85CD5DFA /* Pods_HelloRest.framework */ = {isa = PBXFileReference; explicitFileType = wrapper.framework; includeInIndex = 0; path = Pods_HelloRest.framework; sourceTree = BUILT_PRODUCTS_DIR; };
		AD550FF31D1D5D33001B640B /* PeopleListViewControllerTests.swift */ = {isa = PBXFileReference; fileEncoding = 4; lastKnownFileType = sourcecode.swift; path = PeopleListViewControllerTests.swift; sourceTree = "<group>"; };
		AD70B3D63BE2E643752101A6 /* Pods-HelloRestSpecs.release.xcconfig */ = {isa = PBXFileReference; includeInIndex = 1; lastKnownFileType = text.xcconfig; name = "Pods-HelloRestSpecs.release.xcconfig"; path = "../Pods/Target Support Files/Pods-HelloRestSpecs/Pods-HelloRestSpecs.release.xcconfig"; sourceTree = "<group>"; };
		AD72BADF1D1CA73B00C230B9 /* HelloRestSpecs.xctest */ = {isa = PBXFileReference; explicitFileType = wrapper.cfbundle; includeInIndex = 0; path = HelloRestSpecs.xctest; sourceTree = BUILT_PRODUCTS_DIR; };
		AD72BAE31D1CA73B00C230B9 /* Info.plist */ = {isa = PBXFileReference; lastKnownFileType = text.plist.xml; path = Info.plist; sourceTree = "<group>"; };
		AD8636691D1CA38000792EDC /* HelloRest.app */ = {isa = PBXFileReference; explicitFileType = wrapper.application; includeInIndex = 0; path = HelloRest.app; sourceTree = BUILT_PRODUCTS_DIR; };
		AD86366C1D1CA38000792EDC /* AppDelegate.swift */ = {isa = PBXFileReference; lastKnownFileType = sourcecode.swift; path = AppDelegate.swift; sourceTree = "<group>"; };
		AD8636711D1CA38000792EDC /* Base */ = {isa = PBXFileReference; lastKnownFileType = file.storyboard; name = Base; path = Base.lproj/Main.storyboard; sourceTree = "<group>"; };
		AD8636731D1CA38000792EDC /* Assets.xcassets */ = {isa = PBXFileReference; lastKnownFileType = folder.assetcatalog; path = Assets.xcassets; sourceTree = "<group>"; };
		AD8636761D1CA38000792EDC /* Base */ = {isa = PBXFileReference; lastKnownFileType = file.storyboard; name = Base; path = Base.lproj/LaunchScreen.storyboard; sourceTree = "<group>"; };
		AD8636781D1CA38000792EDC /* Info.plist */ = {isa = PBXFileReference; lastKnownFileType = text.plist.xml; path = Info.plist; sourceTree = "<group>"; };
		BCDE29F5E3CBA7ABEC72C2F4 /* Pods-HelloRest.debug.xcconfig */ = {isa = PBXFileReference; includeInIndex = 1; lastKnownFileType = text.xcconfig; name = "Pods-HelloRest.debug.xcconfig"; path = "../Pods/Target Support Files/Pods-HelloRest/Pods-HelloRest.debug.xcconfig"; sourceTree = "<group>"; };
		C6AA069526280F5372FDAE91 /* Pods-HelloRest.release.xcconfig */ = {isa = PBXFileReference; includeInIndex = 1; lastKnownFileType = text.xcconfig; name = "Pods-HelloRest.release.xcconfig"; path = "../Pods/Target Support Files/Pods-HelloRest/Pods-HelloRest.release.xcconfig"; sourceTree = "<group>"; };
/* End PBXFileReference section */

/* Begin PBXFrameworksBuildPhase section */
		AD72BADC1D1CA73B00C230B9 /* Frameworks */ = {
			isa = PBXFrameworksBuildPhase;
			buildActionMask = 2147483647;
			files = (
				2323668B274C31217913D69E /* Pods_HelloRestSpecs.framework in Frameworks */,
			);
			runOnlyForDeploymentPostprocessing = 0;
		};
		AD8636661D1CA38000792EDC /* Frameworks */ = {
			isa = PBXFrameworksBuildPhase;
			buildActionMask = 2147483647;
			files = (
				E5E8EC7BB749D0C3FA5D66B2 /* Pods_HelloRest.framework in Frameworks */,
			);
			runOnlyForDeploymentPostprocessing = 0;
		};
/* End PBXFrameworksBuildPhase section */

/* Begin PBXGroup section */
		569676A32A9917123A49E874 /* Pods */ = {
			isa = PBXGroup;
			children = (
				085341EFA08FAC5B81CB9B86 /* Pods-HelloRestSpecs.debug.xcconfig */,
				AD70B3D63BE2E643752101A6 /* Pods-HelloRestSpecs.release.xcconfig */,
				BCDE29F5E3CBA7ABEC72C2F4 /* Pods-HelloRest.debug.xcconfig */,
				C6AA069526280F5372FDAE91 /* Pods-HelloRest.release.xcconfig */,
			);
			name = Pods;
			sourceTree = "<group>";
		};
		582BD4011D2574D400C0FD7A /* PersonDetails */ = {
			isa = PBXGroup;
			children = (
				582BD4021D25750A00C0FD7A /* PersonDetailsViewModelTests.swift */,
			);
			path = PersonDetails;
			sourceTree = "<group>";
		};
		58E7520B1D24C30000AA7822 /* PersonDetails */ = {
			isa = PBXGroup;
			children = (
				58E7520C1D24C31400AA7822 /* PersonDetailsViewController.swift */,
				58E7520E1D24C42300AA7822 /* PersonDetails.storyboard */,
				582BD3FF1D25747200C0FD7A /* PersonDetailsViewModel.swift */,
			);
			name = PersonDetails;
			sourceTree = "<group>";
		};
		618CD38B9630F32BE9824CB5 /* Frameworks */ = {
			isa = PBXGroup;
			children = (
				AAA49A9A49AFCAAE85CD5DFA /* Pods_HelloRest.framework */,
				49F8DBBB6AF3E9EA04852AF0 /* Pods_HelloRestSpecs.framework */,
			);
			name = Frameworks;
			sourceTree = "<group>";
		};
		680950F91D24262100EF3F63 /* Services */ = {
			isa = PBXGroup;
			children = (
				680950F11D241DB600EF3F63 /* PeopleService.swift */,
				680951121D24339000EF3F63 /* PeopleTransformer.swift */,
			);
			path = Services;
			sourceTree = "<group>";
		};
		680950FA1D24263000EF3F63 /* Models */ = {
			isa = PBXGroup;
			children = (
				6809510D1D24281B00EF3F63 /* Person.swift */,
			);
			path = Models;
			sourceTree = "<group>";
		};
		680950FD1D24266D00EF3F63 /* PeopleList */ = {
			isa = PBXGroup;
			children = (
				680951071D24280700EF3F63 /* PeopleListViewController.swift */,
				680951081D24280700EF3F63 /* PeopleListViewModel.swift */,
				680951091D24280700EF3F63 /* PeopleListView.storyboard */,
			);
			path = PeopleList;
			sourceTree = "<group>";
		};
		680950FE1D2426D500EF3F63 /* PeopleList */ = {
			isa = PBXGroup;
			children = (
				AD550FF31D1D5D33001B640B /* PeopleListViewControllerTests.swift */,
				680951141D243C7100EF3F63 /* PeopleListViewModelTests.swift */,
			);
			name = PeopleList;
			sourceTree = "<group>";
		};
		680950FF1D2426F300EF3F63 /* Services */ = {
			isa = PBXGroup;
			children = (
				680950F51D24216E00EF3F63 /* PeopleServiceTests.swift */,
				68F3F63A1D257519007CD3A4 /* PeopleTransformerTests.swift */,
			);
			name = Services;
			sourceTree = "<group>";
		};
		6809510F1D242FE400EF3F63 /* Models */ = {
			isa = PBXGroup;
			children = (
				680951101D24300200EF3F63 /* PersonTests.swift */,
			);
			path = Models;
			sourceTree = "<group>";
		};
		AD72BAE01D1CA73B00C230B9 /* HelloRestSpecs */ = {
			isa = PBXGroup;
			children = (
				582BD4011D2574D400C0FD7A /* PersonDetails */,
				6809510F1D242FE400EF3F63 /* Models */,
				680950FF1D2426F300EF3F63 /* Services */,
				680950FE1D2426D500EF3F63 /* PeopleList */,
				AD72BAE31D1CA73B00C230B9 /* Info.plist */,
				680951161D243E0700EF3F63 /* PeopleServiceMock.swift */,
			);
			path = HelloRestSpecs;
			sourceTree = "<group>";
		};
		AD8636601D1CA38000792EDC = {
			isa = PBXGroup;
			children = (
				AD86366B1D1CA38000792EDC /* HelloRest */,
				AD72BAE01D1CA73B00C230B9 /* HelloRestSpecs */,
				AD86366A1D1CA38000792EDC /* Products */,
				569676A32A9917123A49E874 /* Pods */,
				618CD38B9630F32BE9824CB5 /* Frameworks */,
			);
			sourceTree = "<group>";
		};
		AD86366A1D1CA38000792EDC /* Products */ = {
			isa = PBXGroup;
			children = (
				AD8636691D1CA38000792EDC /* HelloRest.app */,
				AD72BADF1D1CA73B00C230B9 /* HelloRestSpecs.xctest */,
			);
			name = Products;
			sourceTree = "<group>";
		};
		AD86366B1D1CA38000792EDC /* HelloRest */ = {
			isa = PBXGroup;
			children = (
				58E7520B1D24C30000AA7822 /* PersonDetails */,
				680950FD1D24266D00EF3F63 /* PeopleList */,
				680950FA1D24263000EF3F63 /* Models */,
				680950F91D24262100EF3F63 /* Services */,
				AD86366C1D1CA38000792EDC /* AppDelegate.swift */,
				AD8636701D1CA38000792EDC /* Main.storyboard */,
				AD8636731D1CA38000792EDC /* Assets.xcassets */,
				AD8636751D1CA38000792EDC /* LaunchScreen.storyboard */,
				AD8636781D1CA38000792EDC /* Info.plist */,
			);
			path = HelloRest;
			sourceTree = "<group>";
		};
/* End PBXGroup section */

/* Begin PBXNativeTarget section */
		AD72BADE1D1CA73B00C230B9 /* HelloRestSpecs */ = {
			isa = PBXNativeTarget;
			buildConfigurationList = AD72BAE81D1CA73B00C230B9 /* Build configuration list for PBXNativeTarget "HelloRestSpecs" */;
			buildPhases = (
				EAE3D014E57140C65E5C3643 /* [CP] Check Pods Manifest.lock */,
				AAF4A4CFC64D12F3060EC27D /* [CP] Check Pods Manifest.lock */,
				AD72BADB1D1CA73B00C230B9 /* Sources */,
				AD72BADC1D1CA73B00C230B9 /* Frameworks */,
				AD72BADD1D1CA73B00C230B9 /* Resources */,
				83B513C97F0056D8F55E50AB /* [CP] Embed Pods Frameworks */,
				F144161428D14E3EA3907233 /* [CP] Copy Pods Resources */,
				B557A96BF53F24D41D4DCDDF /* 📦 Embed Pods Frameworks */,
				E2FC52759A204C528D5D5B90 /* 📦 Copy Pods Resources */,
			);
			buildRules = (
			);
			dependencies = (
				AD72BAE51D1CA73B00C230B9 /* PBXTargetDependency */,
			);
			name = HelloRestSpecs;
			productName = HelloRestSpecs;
			productReference = AD72BADF1D1CA73B00C230B9 /* HelloRestSpecs.xctest */;
			productType = "com.apple.product-type.bundle.unit-test";
		};
		AD8636681D1CA38000792EDC /* HelloRest */ = {
			isa = PBXNativeTarget;
			buildConfigurationList = AD86367B1D1CA38000792EDC /* Build configuration list for PBXNativeTarget "HelloRest" */;
			buildPhases = (
				68E8A2EC53524B779E21F046 /* [CP] Check Pods Manifest.lock */,
				054A7AC6CC5D8E9D0785E5C3 /* [CP] Check Pods Manifest.lock */,
				AD8636651D1CA38000792EDC /* Sources */,
				AD8636661D1CA38000792EDC /* Frameworks */,
				AD8636671D1CA38000792EDC /* Resources */,
				F1E19360CAF33C7943A211DF /* [CP] Embed Pods Frameworks */,
				C1C8009732D99FB9B4D44BCA /* [CP] Copy Pods Resources */,
				9B5FEDA850D40C4E8FB38ABE /* 📦 Embed Pods Frameworks */,
				32DFD3BCB2C9E6D12B564D87 /* 📦 Copy Pods Resources */,
			);
			buildRules = (
			);
			dependencies = (
			);
			name = HelloRest;
			productName = HelloRest;
			productReference = AD8636691D1CA38000792EDC /* HelloRest.app */;
			productType = "com.apple.product-type.application";
		};
/* End PBXNativeTarget section */

/* Begin PBXProject section */
		AD8636611D1CA38000792EDC /* Project object */ = {
			isa = PBXProject;
			attributes = {
				LastSwiftUpdateCheck = 0730;
				LastUpgradeCheck = 0730;
				ORGANIZATIONNAME = Venkat;
				TargetAttributes = {
					AD72BADE1D1CA73B00C230B9 = {
						CreatedOnToolsVersion = 7.3.1;
						TestTargetID = AD8636681D1CA38000792EDC;
					};
					AD8636681D1CA38000792EDC = {
						CreatedOnToolsVersion = 7.3.1;
					};
				};
			};
			buildConfigurationList = AD8636641D1CA38000792EDC /* Build configuration list for PBXProject "HelloRest" */;
			compatibilityVersion = "Xcode 3.2";
			developmentRegion = English;
			hasScannedForEncodings = 0;
			knownRegions = (
				en,
				Base,
			);
			mainGroup = AD8636601D1CA38000792EDC;
			productRefGroup = AD86366A1D1CA38000792EDC /* Products */;
			projectDirPath = "";
			projectRoot = "";
			targets = (
				AD8636681D1CA38000792EDC /* HelloRest */,
				AD72BADE1D1CA73B00C230B9 /* HelloRestSpecs */,
			);
		};
/* End PBXProject section */

/* Begin PBXResourcesBuildPhase section */
		AD72BADD1D1CA73B00C230B9 /* Resources */ = {
			isa = PBXResourcesBuildPhase;
			buildActionMask = 2147483647;
			files = (
			);
			runOnlyForDeploymentPostprocessing = 0;
		};
		AD8636671D1CA38000792EDC /* Resources */ = {
			isa = PBXResourcesBuildPhase;
			buildActionMask = 2147483647;
			files = (
				6809510C1D24280700EF3F63 /* PeopleListView.storyboard in Resources */,
				AD8636771D1CA38000792EDC /* LaunchScreen.storyboard in Resources */,
				AD8636741D1CA38000792EDC /* Assets.xcassets in Resources */,
				AD8636721D1CA38000792EDC /* Main.storyboard in Resources */,
				58E7520F1D24C42300AA7822 /* PersonDetails.storyboard in Resources */,
			);
			runOnlyForDeploymentPostprocessing = 0;
		};
/* End PBXResourcesBuildPhase section */

/* Begin PBXShellScriptBuildPhase section */
		054A7AC6CC5D8E9D0785E5C3 /* [CP] Check Pods Manifest.lock */ = {
			isa = PBXShellScriptBuildPhase;
			buildActionMask = 2147483647;
			files = (
			);
			inputPaths = (
			);
			name = "[CP] Check Pods Manifest.lock";
			outputPaths = (
			);
			runOnlyForDeploymentPostprocessing = 0;
			shellPath = /bin/sh;
			shellScript = "diff \"${PODS_ROOT}/../Podfile.lock\" \"${PODS_ROOT}/Manifest.lock\" > /dev/null\nif [[ $? != 0 ]] ; then\n    cat << EOM\nerror: The sandbox is not in sync with the Podfile.lock. Run 'pod install' or update your CocoaPods installation.\nEOM\n    exit 1\nfi\n";
			showEnvVarsInLog = 0;
		};
		32DFD3BCB2C9E6D12B564D87 /* 📦 Copy Pods Resources */ = {
			isa = PBXShellScriptBuildPhase;
			buildActionMask = 2147483647;
			files = (
			);
			inputPaths = (
			);
			name = "📦 Copy Pods Resources";
			outputPaths = (
			);
			runOnlyForDeploymentPostprocessing = 0;
			shellPath = /bin/sh;
			shellScript = "\"${SRCROOT}/../Pods/Target Support Files/Pods-HelloRest/Pods-HelloRest-resources.sh\"\n";
			showEnvVarsInLog = 0;
		};
		68E8A2EC53524B779E21F046 /* [CP] Check Pods Manifest.lock */ = {
			isa = PBXShellScriptBuildPhase;
			buildActionMask = 2147483647;
			files = (
			);
			inputPaths = (
			);
			name = "[CP] Check Pods Manifest.lock";
			outputPaths = (
			);
			runOnlyForDeploymentPostprocessing = 0;
			shellPath = /bin/sh;
			shellScript = "diff \"${PODS_ROOT}/../Podfile.lock\" \"${PODS_ROOT}/Manifest.lock\" > /dev/null\nif [[ $? != 0 ]] ; then\n    cat << EOM\nerror: The sandbox is not in sync with the Podfile.lock. Run 'pod install' or update your CocoaPods installation.\nEOM\n    exit 1\nfi\n";
			showEnvVarsInLog = 0;
		};
		83B513C97F0056D8F55E50AB /* [CP] Embed Pods Frameworks */ = {
			isa = PBXShellScriptBuildPhase;
			buildActionMask = 2147483647;
			files = (
			);
			inputPaths = (
			);
			name = "[CP] Embed Pods Frameworks";
			outputPaths = (
			);
			runOnlyForDeploymentPostprocessing = 0;
			shellPath = /bin/sh;
			shellScript = "\"${SRCROOT}/../Pods/Target Support Files/Pods-HelloRestSpecs/Pods-HelloRestSpecs-frameworks.sh\"\n";
			showEnvVarsInLog = 0;
		};
		9B5FEDA850D40C4E8FB38ABE /* 📦 Embed Pods Frameworks */ = {
			isa = PBXShellScriptBuildPhase;
			buildActionMask = 2147483647;
			files = (
			);
			inputPaths = (
			);
			name = "📦 Embed Pods Frameworks";
			outputPaths = (
			);
			runOnlyForDeploymentPostprocessing = 0;
			shellPath = /bin/sh;
			shellScript = "\"${SRCROOT}/../Pods/Target Support Files/Pods-HelloRest/Pods-HelloRest-frameworks.sh\"\n";
			showEnvVarsInLog = 0;
		};
		AAF4A4CFC64D12F3060EC27D /* [CP] Check Pods Manifest.lock */ = {
			isa = PBXShellScriptBuildPhase;
			buildActionMask = 2147483647;
			files = (
			);
			inputPaths = (
			);
			name = "[CP] Check Pods Manifest.lock";
			outputPaths = (
			);
			runOnlyForDeploymentPostprocessing = 0;
			shellPath = /bin/sh;
			shellScript = "diff \"${PODS_ROOT}/../Podfile.lock\" \"${PODS_ROOT}/Manifest.lock\" > /dev/null\nif [[ $? != 0 ]] ; then\n    cat << EOM\nerror: The sandbox is not in sync with the Podfile.lock. Run 'pod install' or update your CocoaPods installation.\nEOM\n    exit 1\nfi\n";
			showEnvVarsInLog = 0;
		};
		B557A96BF53F24D41D4DCDDF /* 📦 Embed Pods Frameworks */ = {
			isa = PBXShellScriptBuildPhase;
			buildActionMask = 2147483647;
			files = (
			);
			inputPaths = (
			);
			name = "📦 Embed Pods Frameworks";
			outputPaths = (
			);
			runOnlyForDeploymentPostprocessing = 0;
			shellPath = /bin/sh;
			shellScript = "\"${SRCROOT}/../Pods/Target Support Files/Pods-HelloRestSpecs/Pods-HelloRestSpecs-frameworks.sh\"\n";
			showEnvVarsInLog = 0;
		};
		C1C8009732D99FB9B4D44BCA /* [CP] Copy Pods Resources */ = {
			isa = PBXShellScriptBuildPhase;
			buildActionMask = 2147483647;
			files = (
			);
			inputPaths = (
			);
			name = "[CP] Copy Pods Resources";
			outputPaths = (
			);
			runOnlyForDeploymentPostprocessing = 0;
			shellPath = /bin/sh;
			shellScript = "\"${SRCROOT}/../Pods/Target Support Files/Pods-HelloRest/Pods-HelloRest-resources.sh\"\n";
			showEnvVarsInLog = 0;
		};
		E2FC52759A204C528D5D5B90 /* 📦 Copy Pods Resources */ = {
			isa = PBXShellScriptBuildPhase;
			buildActionMask = 2147483647;
			files = (
			);
			inputPaths = (
			);
			name = "📦 Copy Pods Resources";
			outputPaths = (
			);
			runOnlyForDeploymentPostprocessing = 0;
			shellPath = /bin/sh;
			shellScript = "\"${SRCROOT}/../Pods/Target Support Files/Pods-HelloRestSpecs/Pods-HelloRestSpecs-resources.sh\"\n";
			showEnvVarsInLog = 0;
		};
		EAE3D014E57140C65E5C3643 /* [CP] Check Pods Manifest.lock */ = {
			isa = PBXShellScriptBuildPhase;
			buildActionMask = 2147483647;
			files = (
			);
			inputPaths = (
			);
			name = "[CP] Check Pods Manifest.lock";
			outputPaths = (
			);
			runOnlyForDeploymentPostprocessing = 0;
			shellPath = /bin/sh;
			shellScript = "diff \"${PODS_ROOT}/../Podfile.lock\" \"${PODS_ROOT}/Manifest.lock\" > /dev/null\nif [[ $? != 0 ]] ; then\n    cat << EOM\nerror: The sandbox is not in sync with the Podfile.lock. Run 'pod install' or update your CocoaPods installation.\nEOM\n    exit 1\nfi\n";
			showEnvVarsInLog = 0;
		};
		F144161428D14E3EA3907233 /* [CP] Copy Pods Resources */ = {
			isa = PBXShellScriptBuildPhase;
			buildActionMask = 2147483647;
			files = (
			);
			inputPaths = (
			);
			name = "[CP] Copy Pods Resources";
			outputPaths = (
			);
			runOnlyForDeploymentPostprocessing = 0;
			shellPath = /bin/sh;
			shellScript = "\"${SRCROOT}/../Pods/Target Support Files/Pods-HelloRestSpecs/Pods-HelloRestSpecs-resources.sh\"\n";
			showEnvVarsInLog = 0;
		};
		F1E19360CAF33C7943A211DF /* [CP] Embed Pods Frameworks */ = {
			isa = PBXShellScriptBuildPhase;
			buildActionMask = 2147483647;
			files = (
			);
			inputPaths = (
			);
			name = "[CP] Embed Pods Frameworks";
			outputPaths = (
			);
			runOnlyForDeploymentPostprocessing = 0;
			shellPath = /bin/sh;
			shellScript = "\"${SRCROOT}/../Pods/Target Support Files/Pods-HelloRest/Pods-HelloRest-frameworks.sh\"\n";
			showEnvVarsInLog = 0;
		};
/* End PBXShellScriptBuildPhase section */

/* Begin PBXSourcesBuildPhase section */
		AD72BADB1D1CA73B00C230B9 /* Sources */ = {
			isa = PBXSourcesBuildPhase;
			buildActionMask = 2147483647;
			files = (
				68F3F63B1D257519007CD3A4 /* PeopleTransformerTests.swift in Sources */,
				582BD4031D25750A00C0FD7A /* PersonDetailsViewModelTests.swift in Sources */,
				AD550FF41D1D5D33001B640B /* PeopleListViewControllerTests.swift in Sources */,
				680951151D243C7100EF3F63 /* PeopleListViewModelTests.swift in Sources */,
				680951111D24300200EF3F63 /* PersonTests.swift in Sources */,
				680950F61D24216E00EF3F63 /* PeopleServiceTests.swift in Sources */,
				680951171D243E0700EF3F63 /* PeopleServiceMock.swift in Sources */,
			);
			runOnlyForDeploymentPostprocessing = 0;
		};
		AD8636651D1CA38000792EDC /* Sources */ = {
			isa = PBXSourcesBuildPhase;
			buildActionMask = 2147483647;
			files = (
				582BD4001D25747200C0FD7A /* PersonDetailsViewModel.swift in Sources */,
				680951131D24339000EF3F63 /* PeopleTransformer.swift in Sources */,
				6809510E1D24281B00EF3F63 /* Person.swift in Sources */,
				6809510A1D24280700EF3F63 /* PeopleListViewController.swift in Sources */,
				6809510B1D24280700EF3F63 /* PeopleListViewModel.swift in Sources */,
				680950F21D241DB600EF3F63 /* PeopleService.swift in Sources */,
				AD86366D1D1CA38000792EDC /* AppDelegate.swift in Sources */,
				58E7520D1D24C31400AA7822 /* PersonDetailsViewController.swift in Sources */,
			);
			runOnlyForDeploymentPostprocessing = 0;
		};
/* End PBXSourcesBuildPhase section */

/* Begin PBXTargetDependency section */
		AD72BAE51D1CA73B00C230B9 /* PBXTargetDependency */ = {
			isa = PBXTargetDependency;
			target = AD8636681D1CA38000792EDC /* HelloRest */;
			targetProxy = AD72BAE41D1CA73B00C230B9 /* PBXContainerItemProxy */;
		};
/* End PBXTargetDependency section */

/* Begin PBXVariantGroup section */
		AD8636701D1CA38000792EDC /* Main.storyboard */ = {
			isa = PBXVariantGroup;
			children = (
				AD8636711D1CA38000792EDC /* Base */,
			);
			name = Main.storyboard;
			sourceTree = "<group>";
		};
		AD8636751D1CA38000792EDC /* LaunchScreen.storyboard */ = {
			isa = PBXVariantGroup;
			children = (
				AD8636761D1CA38000792EDC /* Base */,
			);
			name = LaunchScreen.storyboard;
			sourceTree = "<group>";
		};
/* End PBXVariantGroup section */

/* Begin XCBuildConfiguration section */
		AD72BAE61D1CA73B00C230B9 /* Debug */ = {
			isa = XCBuildConfiguration;
			baseConfigurationReference = 085341EFA08FAC5B81CB9B86 /* Pods-HelloRestSpecs.debug.xcconfig */;
			buildSettings = {
				BUNDLE_LOADER = "$(TEST_HOST)";
				INFOPLIST_FILE = HelloRestSpecs/Info.plist;
				LD_RUNPATH_SEARCH_PATHS = "$(inherited) @executable_path/Frameworks @loader_path/Frameworks";
				PRODUCT_BUNDLE_IDENTIFIER = com.vp.HelloRestSpecs;
				PRODUCT_NAME = "$(TARGET_NAME)";
				TEST_HOST = "$(BUILT_PRODUCTS_DIR)/HelloRest.app/HelloRest";
			};
			name = Debug;
		};
		AD72BAE71D1CA73B00C230B9 /* Release */ = {
			isa = XCBuildConfiguration;
			baseConfigurationReference = AD70B3D63BE2E643752101A6 /* Pods-HelloRestSpecs.release.xcconfig */;
			buildSettings = {
				BUNDLE_LOADER = "$(TEST_HOST)";
				INFOPLIST_FILE = HelloRestSpecs/Info.plist;
				LD_RUNPATH_SEARCH_PATHS = "$(inherited) @executable_path/Frameworks @loader_path/Frameworks";
				PRODUCT_BUNDLE_IDENTIFIER = com.vp.HelloRestSpecs;
				PRODUCT_NAME = "$(TARGET_NAME)";
				TEST_HOST = "$(BUILT_PRODUCTS_DIR)/HelloRest.app/HelloRest";
			};
			name = Release;
		};
		AD8636791D1CA38000792EDC /* Debug */ = {
			isa = XCBuildConfiguration;
			buildSettings = {
				ALWAYS_SEARCH_USER_PATHS = NO;
				CLANG_ANALYZER_NONNULL = YES;
				CLANG_CXX_LANGUAGE_STANDARD = "gnu++0x";
				CLANG_CXX_LIBRARY = "libc++";
				CLANG_ENABLE_MODULES = YES;
				CLANG_ENABLE_OBJC_ARC = YES;
				CLANG_WARN_BOOL_CONVERSION = YES;
				CLANG_WARN_CONSTANT_CONVERSION = YES;
				CLANG_WARN_DIRECT_OBJC_ISA_USAGE = YES_ERROR;
				CLANG_WARN_EMPTY_BODY = YES;
				CLANG_WARN_ENUM_CONVERSION = YES;
				CLANG_WARN_INT_CONVERSION = YES;
				CLANG_WARN_OBJC_ROOT_CLASS = YES_ERROR;
				CLANG_WARN_UNREACHABLE_CODE = YES;
				CLANG_WARN__DUPLICATE_METHOD_MATCH = YES;
				"CODE_SIGN_IDENTITY[sdk=iphoneos*]" = "iPhone Developer";
				COPY_PHASE_STRIP = NO;
				DEBUG_INFORMATION_FORMAT = dwarf;
				ENABLE_STRICT_OBJC_MSGSEND = YES;
				ENABLE_TESTABILITY = YES;
				GCC_C_LANGUAGE_STANDARD = gnu99;
				GCC_DYNAMIC_NO_PIC = NO;
				GCC_NO_COMMON_BLOCKS = YES;
				GCC_OPTIMIZATION_LEVEL = 0;
				GCC_PREPROCESSOR_DEFINITIONS = (
					"DEBUG=1",
					"$(inherited)",
				);
				GCC_WARN_64_TO_32_BIT_CONVERSION = YES;
				GCC_WARN_ABOUT_RETURN_TYPE = YES_ERROR;
				GCC_WARN_UNDECLARED_SELECTOR = YES;
				GCC_WARN_UNINITIALIZED_AUTOS = YES_AGGRESSIVE;
				GCC_WARN_UNUSED_FUNCTION = YES;
				GCC_WARN_UNUSED_VARIABLE = YES;
				IPHONEOS_DEPLOYMENT_TARGET = 9.3;
				MTL_ENABLE_DEBUG_INFO = YES;
				ONLY_ACTIVE_ARCH = YES;
				SDKROOT = iphoneos;
				SWIFT_OPTIMIZATION_LEVEL = "-Onone";
			};
			name = Debug;
		};
		AD86367A1D1CA38000792EDC /* Release */ = {
			isa = XCBuildConfiguration;
			buildSettings = {
				ALWAYS_SEARCH_USER_PATHS = NO;
				CLANG_ANALYZER_NONNULL = YES;
				CLANG_CXX_LANGUAGE_STANDARD = "gnu++0x";
				CLANG_CXX_LIBRARY = "libc++";
				CLANG_ENABLE_MODULES = YES;
				CLANG_ENABLE_OBJC_ARC = YES;
				CLANG_WARN_BOOL_CONVERSION = YES;
				CLANG_WARN_CONSTANT_CONVERSION = YES;
				CLANG_WARN_DIRECT_OBJC_ISA_USAGE = YES_ERROR;
				CLANG_WARN_EMPTY_BODY = YES;
				CLANG_WARN_ENUM_CONVERSION = YES;
				CLANG_WARN_INT_CONVERSION = YES;
				CLANG_WARN_OBJC_ROOT_CLASS = YES_ERROR;
				CLANG_WARN_UNREACHABLE_CODE = YES;
				CLANG_WARN__DUPLICATE_METHOD_MATCH = YES;
				"CODE_SIGN_IDENTITY[sdk=iphoneos*]" = "iPhone Developer";
				COPY_PHASE_STRIP = NO;
				DEBUG_INFORMATION_FORMAT = "dwarf-with-dsym";
				ENABLE_NS_ASSERTIONS = NO;
				ENABLE_STRICT_OBJC_MSGSEND = YES;
				GCC_C_LANGUAGE_STANDARD = gnu99;
				GCC_NO_COMMON_BLOCKS = YES;
				GCC_WARN_64_TO_32_BIT_CONVERSION = YES;
				GCC_WARN_ABOUT_RETURN_TYPE = YES_ERROR;
				GCC_WARN_UNDECLARED_SELECTOR = YES;
				GCC_WARN_UNINITIALIZED_AUTOS = YES_AGGRESSIVE;
				GCC_WARN_UNUSED_FUNCTION = YES;
				GCC_WARN_UNUSED_VARIABLE = YES;
				IPHONEOS_DEPLOYMENT_TARGET = 9.3;
				MTL_ENABLE_DEBUG_INFO = NO;
				SDKROOT = iphoneos;
				VALIDATE_PRODUCT = YES;
			};
			name = Release;
		};
		AD86367C1D1CA38000792EDC /* Debug */ = {
			isa = XCBuildConfiguration;
			baseConfigurationReference = BCDE29F5E3CBA7ABEC72C2F4 /* Pods-HelloRest.debug.xcconfig */;
			buildSettings = {
				ASSETCATALOG_COMPILER_APPICON_NAME = AppIcon;
				INFOPLIST_FILE = HelloRest/Info.plist;
				IPHONEOS_DEPLOYMENT_TARGET = 9.0;
				LD_RUNPATH_SEARCH_PATHS = "$(inherited) @executable_path/Frameworks";
				PRODUCT_BUNDLE_IDENTIFIER = com.vp.HelloRest;
				PRODUCT_NAME = "$(TARGET_NAME)";
			};
			name = Debug;
		};
		AD86367D1D1CA38000792EDC /* Release */ = {
			isa = XCBuildConfiguration;
			baseConfigurationReference = C6AA069526280F5372FDAE91 /* Pods-HelloRest.release.xcconfig */;
			buildSettings = {
				ASSETCATALOG_COMPILER_APPICON_NAME = AppIcon;
				INFOPLIST_FILE = HelloRest/Info.plist;
				IPHONEOS_DEPLOYMENT_TARGET = 9.0;
				LD_RUNPATH_SEARCH_PATHS = "$(inherited) @executable_path/Frameworks";
				PRODUCT_BUNDLE_IDENTIFIER = com.vp.HelloRest;
				PRODUCT_NAME = "$(TARGET_NAME)";
			};
			name = Release;
		};
/* End XCBuildConfiguration section */

/* Begin XCConfigurationList section */
		AD72BAE81D1CA73B00C230B9 /* Build configuration list for PBXNativeTarget "HelloRestSpecs" */ = {
			isa = XCConfigurationList;
			buildConfigurations = (
				AD72BAE61D1CA73B00C230B9 /* Debug */,
				AD72BAE71D1CA73B00C230B9 /* Release */,
			);
			defaultConfigurationIsVisible = 0;
			defaultConfigurationName = Release;
		};
		AD8636641D1CA38000792EDC /* Build configuration list for PBXProject "HelloRest" */ = {
			isa = XCConfigurationList;
			buildConfigurations = (
				AD8636791D1CA38000792EDC /* Debug */,
				AD86367A1D1CA38000792EDC /* Release */,
			);
			defaultConfigurationIsVisible = 0;
			defaultConfigurationName = Release;
		};
		AD86367B1D1CA38000792EDC /* Build configuration list for PBXNativeTarget "HelloRest" */ = {
			isa = XCConfigurationList;
			buildConfigurations = (
				AD86367C1D1CA38000792EDC /* Debug */,
				AD86367D1D1CA38000792EDC /* Release */,
			);
			defaultConfigurationIsVisible = 0;
			defaultConfigurationName = Release;
		};
/* End XCConfigurationList section */
	};
	rootObject = AD8636611D1CA38000792EDC /* Project object */;
}
